// !$*UTF8*$!
{
	archiveVersion = 1;
	classes = {
	};
	objectVersion = 46;
	objects = {

/* Begin PBXBuildFile section */
		3F20DF97AE3546C0E38748C2 /* libPods-ArchigramUITests.a in Frameworks */ = {isa = PBXBuildFile; fileRef = 45AC4CDDBC136E92882B4F16 /* libPods-ArchigramUITests.a */; };
		4E392EE71BA16C289D018DD0 /* libPods-ArchigramTests.a in Frameworks */ = {isa = PBXBuildFile; fileRef = 0796A4604D2E248FED68CC5A /* libPods-ArchigramTests.a */; };
		784FAC98EA9258BE0A60EDC6 /* Pods_Archigram.framework in Frameworks */ = {isa = PBXBuildFile; fileRef = 0308499EA1282F01983D9DBF /* Pods_Archigram.framework */; };
		B75F77971E987EF100E131EA /* AppDelegate.swift in Sources */ = {isa = PBXBuildFile; fileRef = B75F77961E987EF100E131EA /* AppDelegate.swift */; };
		B75F77991E987EF100E131EA /* CameraViewController.swift in Sources */ = {isa = PBXBuildFile; fileRef = B75F77981E987EF100E131EA /* CameraViewController.swift */; };
		B75F779C1E987EF100E131EA /* Main.storyboard in Resources */ = {isa = PBXBuildFile; fileRef = B75F779A1E987EF100E131EA /* Main.storyboard */; };
		B75F779E1E987EF100E131EA /* Assets.xcassets in Resources */ = {isa = PBXBuildFile; fileRef = B75F779D1E987EF100E131EA /* Assets.xcassets */; };
		B75F77A11E987EF100E131EA /* LaunchScreen.storyboard in Resources */ = {isa = PBXBuildFile; fileRef = B75F779F1E987EF100E131EA /* LaunchScreen.storyboard */; };
		B75F77AC1E987EF100E131EA /* ArchigramTests.swift in Sources */ = {isa = PBXBuildFile; fileRef = B75F77AB1E987EF100E131EA /* ArchigramTests.swift */; };
		B75F77B71E987EF100E131EA /* ArchigramUITests.swift in Sources */ = {isa = PBXBuildFile; fileRef = B75F77B61E987EF100E131EA /* ArchigramUITests.swift */; };
		B75F77C61E988BD700E131EA /* CameraView.swift in Sources */ = {isa = PBXBuildFile; fileRef = B75F77C51E988BD700E131EA /* CameraView.swift */; };
		B75F77CB1E98995800E131EA /* Anders.ttf in Resources */ = {isa = PBXBuildFile; fileRef = B75F77CA1E98995800E131EA /* Anders.ttf */; };
		B7F74A871E9C50D1008AB9B3 /* StyleViewController.swift in Sources */ = {isa = PBXBuildFile; fileRef = B7F74A861E9C50D1008AB9B3 /* StyleViewController.swift */; };
		B7F74A891E9C510F008AB9B3 /* WikiViewController.swift in Sources */ = {isa = PBXBuildFile; fileRef = B7F74A881E9C510F008AB9B3 /* WikiViewController.swift */; };
		B7F74A8B1E9C5122008AB9B3 /* SavedViewController.swift in Sources */ = {isa = PBXBuildFile; fileRef = B7F74A8A1E9C5122008AB9B3 /* SavedViewController.swift */; };
		B7F74A8D1E9C5133008AB9B3 /* HelpViewController.swift in Sources */ = {isa = PBXBuildFile; fileRef = B7F74A8C1E9C5133008AB9B3 /* HelpViewController.swift */; };
/* End PBXBuildFile section */

/* Begin PBXContainerItemProxy section */
		B75F77A81E987EF100E131EA /* PBXContainerItemProxy */ = {
			isa = PBXContainerItemProxy;
			containerPortal = B75F778B1E987EF100E131EA /* Project object */;
			proxyType = 1;
			remoteGlobalIDString = B75F77921E987EF100E131EA;
			remoteInfo = Archigram;
		};
		B75F77B31E987EF100E131EA /* PBXContainerItemProxy */ = {
			isa = PBXContainerItemProxy;
			containerPortal = B75F778B1E987EF100E131EA /* Project object */;
			proxyType = 1;
			remoteGlobalIDString = B75F77921E987EF100E131EA;
			remoteInfo = Archigram;
		};
/* End PBXContainerItemProxy section */

/* Begin PBXFileReference section */
		0308499EA1282F01983D9DBF /* Pods_Archigram.framework */ = {isa = PBXFileReference; explicitFileType = wrapper.framework; includeInIndex = 0; path = Pods_Archigram.framework; sourceTree = BUILT_PRODUCTS_DIR; };
		0796A4604D2E248FED68CC5A /* libPods-ArchigramTests.a */ = {isa = PBXFileReference; explicitFileType = archive.ar; includeInIndex = 0; path = "libPods-ArchigramTests.a"; sourceTree = BUILT_PRODUCTS_DIR; };
		1C72E953AF83991672CFF195 /* Pods-Archigram.debug.xcconfig */ = {isa = PBXFileReference; includeInIndex = 1; lastKnownFileType = text.xcconfig; name = "Pods-Archigram.debug.xcconfig"; path = "Pods/Target Support Files/Pods-Archigram/Pods-Archigram.debug.xcconfig"; sourceTree = "<group>"; };
		2B23650CAAE5BDE80BBC438D /* Pods-Archigram.release.xcconfig */ = {isa = PBXFileReference; includeInIndex = 1; lastKnownFileType = text.xcconfig; name = "Pods-Archigram.release.xcconfig"; path = "Pods/Target Support Files/Pods-Archigram/Pods-Archigram.release.xcconfig"; sourceTree = "<group>"; };
		344C12486C63619081BDA673 /* Pods-ArchigramTests.debug.xcconfig */ = {isa = PBXFileReference; includeInIndex = 1; lastKnownFileType = text.xcconfig; name = "Pods-ArchigramTests.debug.xcconfig"; path = "Pods/Target Support Files/Pods-ArchigramTests/Pods-ArchigramTests.debug.xcconfig"; sourceTree = "<group>"; };
		45AC4CDDBC136E92882B4F16 /* libPods-ArchigramUITests.a */ = {isa = PBXFileReference; explicitFileType = archive.ar; includeInIndex = 0; path = "libPods-ArchigramUITests.a"; sourceTree = BUILT_PRODUCTS_DIR; };
		654098C1C25E289B7D461810 /* Pods-ArchigramUITests.debug.xcconfig */ = {isa = PBXFileReference; includeInIndex = 1; lastKnownFileType = text.xcconfig; name = "Pods-ArchigramUITests.debug.xcconfig"; path = "Pods/Target Support Files/Pods-ArchigramUITests/Pods-ArchigramUITests.debug.xcconfig"; sourceTree = "<group>"; };
		7F89D6EAFF040C8048E69EB7 /* Pods-ArchigramTests.release.xcconfig */ = {isa = PBXFileReference; includeInIndex = 1; lastKnownFileType = text.xcconfig; name = "Pods-ArchigramTests.release.xcconfig"; path = "Pods/Target Support Files/Pods-ArchigramTests/Pods-ArchigramTests.release.xcconfig"; sourceTree = "<group>"; };
		8F3A4121309F4FB26CD959C2 /* Pods-ArchigramUITests.release.xcconfig */ = {isa = PBXFileReference; includeInIndex = 1; lastKnownFileType = text.xcconfig; name = "Pods-ArchigramUITests.release.xcconfig"; path = "Pods/Target Support Files/Pods-ArchigramUITests/Pods-ArchigramUITests.release.xcconfig"; sourceTree = "<group>"; };
		B75F77931E987EF100E131EA /* Archigram.app */ = {isa = PBXFileReference; explicitFileType = wrapper.application; includeInIndex = 0; path = Archigram.app; sourceTree = BUILT_PRODUCTS_DIR; };
		B75F77961E987EF100E131EA /* AppDelegate.swift */ = {isa = PBXFileReference; lastKnownFileType = sourcecode.swift; path = AppDelegate.swift; sourceTree = "<group>"; };
		B75F77981E987EF100E131EA /* CameraViewController.swift */ = {isa = PBXFileReference; lastKnownFileType = sourcecode.swift; path = CameraViewController.swift; sourceTree = "<group>"; };
		B75F779B1E987EF100E131EA /* Base */ = {isa = PBXFileReference; lastKnownFileType = file.storyboard; name = Base; path = Base.lproj/Main.storyboard; sourceTree = "<group>"; };
		B75F779D1E987EF100E131EA /* Assets.xcassets */ = {isa = PBXFileReference; lastKnownFileType = folder.assetcatalog; path = Assets.xcassets; sourceTree = "<group>"; };
		B75F77A01E987EF100E131EA /* Base */ = {isa = PBXFileReference; lastKnownFileType = file.storyboard; name = Base; path = Base.lproj/LaunchScreen.storyboard; sourceTree = "<group>"; };
		B75F77A21E987EF100E131EA /* Info.plist */ = {isa = PBXFileReference; lastKnownFileType = text.plist.xml; path = Info.plist; sourceTree = "<group>"; };
		B75F77A71E987EF100E131EA /* ArchigramTests.xctest */ = {isa = PBXFileReference; explicitFileType = wrapper.cfbundle; includeInIndex = 0; path = ArchigramTests.xctest; sourceTree = BUILT_PRODUCTS_DIR; };
		B75F77AB1E987EF100E131EA /* ArchigramTests.swift */ = {isa = PBXFileReference; lastKnownFileType = sourcecode.swift; path = ArchigramTests.swift; sourceTree = "<group>"; };
		B75F77AD1E987EF100E131EA /* Info.plist */ = {isa = PBXFileReference; lastKnownFileType = text.plist.xml; path = Info.plist; sourceTree = "<group>"; };
		B75F77B21E987EF100E131EA /* ArchigramUITests.xctest */ = {isa = PBXFileReference; explicitFileType = wrapper.cfbundle; includeInIndex = 0; path = ArchigramUITests.xctest; sourceTree = BUILT_PRODUCTS_DIR; };
		B75F77B61E987EF100E131EA /* ArchigramUITests.swift */ = {isa = PBXFileReference; lastKnownFileType = sourcecode.swift; path = ArchigramUITests.swift; sourceTree = "<group>"; };
		B75F77B81E987EF100E131EA /* Info.plist */ = {isa = PBXFileReference; lastKnownFileType = text.plist.xml; path = Info.plist; sourceTree = "<group>"; };
		B75F77C51E988BD700E131EA /* CameraView.swift */ = {isa = PBXFileReference; fileEncoding = 4; lastKnownFileType = sourcecode.swift; path = CameraView.swift; sourceTree = "<group>"; };
		B75F77CA1E98995800E131EA /* Anders.ttf */ = {isa = PBXFileReference; lastKnownFileType = file; path = Anders.ttf; sourceTree = "<group>"; };
		B7F74A861E9C50D1008AB9B3 /* StyleViewController.swift */ = {isa = PBXFileReference; fileEncoding = 4; lastKnownFileType = sourcecode.swift; path = StyleViewController.swift; sourceTree = "<group>"; };
		B7F74A881E9C510F008AB9B3 /* WikiViewController.swift */ = {isa = PBXFileReference; fileEncoding = 4; lastKnownFileType = sourcecode.swift; path = WikiViewController.swift; sourceTree = "<group>"; };
		B7F74A8A1E9C5122008AB9B3 /* SavedViewController.swift */ = {isa = PBXFileReference; fileEncoding = 4; lastKnownFileType = sourcecode.swift; path = SavedViewController.swift; sourceTree = "<group>"; };
		B7F74A8C1E9C5133008AB9B3 /* HelpViewController.swift */ = {isa = PBXFileReference; fileEncoding = 4; lastKnownFileType = sourcecode.swift; path = HelpViewController.swift; sourceTree = "<group>"; };
/* End PBXFileReference section */

/* Begin PBXFrameworksBuildPhase section */
		B75F77901E987EF100E131EA /* Frameworks */ = {
			isa = PBXFrameworksBuildPhase;
			buildActionMask = 2147483647;
			files = (
				784FAC98EA9258BE0A60EDC6 /* Pods_Archigram.framework in Frameworks */,
			);
			runOnlyForDeploymentPostprocessing = 0;
		};
		B75F77A41E987EF100E131EA /* Frameworks */ = {
			isa = PBXFrameworksBuildPhase;
			buildActionMask = 2147483647;
			files = (
				4E392EE71BA16C289D018DD0 /* libPods-ArchigramTests.a in Frameworks */,
			);
			runOnlyForDeploymentPostprocessing = 0;
		};
		B75F77AF1E987EF100E131EA /* Frameworks */ = {
			isa = PBXFrameworksBuildPhase;
			buildActionMask = 2147483647;
			files = (
				3F20DF97AE3546C0E38748C2 /* libPods-ArchigramUITests.a in Frameworks */,
			);
			runOnlyForDeploymentPostprocessing = 0;
		};
/* End PBXFrameworksBuildPhase section */

/* Begin PBXGroup section */
		5BC26B296329DDE474F789B7 /* Pods */ = {
			isa = PBXGroup;
			children = (
				1C72E953AF83991672CFF195 /* Pods-Archigram.debug.xcconfig */,
				2B23650CAAE5BDE80BBC438D /* Pods-Archigram.release.xcconfig */,
				344C12486C63619081BDA673 /* Pods-ArchigramTests.debug.xcconfig */,
				7F89D6EAFF040C8048E69EB7 /* Pods-ArchigramTests.release.xcconfig */,
				654098C1C25E289B7D461810 /* Pods-ArchigramUITests.debug.xcconfig */,
				8F3A4121309F4FB26CD959C2 /* Pods-ArchigramUITests.release.xcconfig */,
			);
			name = Pods;
			sourceTree = "<group>";
		};
		5FF36A38C3EF95B8FD36D6DD /* Frameworks */ = {
			isa = PBXGroup;
			children = (
				0308499EA1282F01983D9DBF /* Pods_Archigram.framework */,
				0796A4604D2E248FED68CC5A /* libPods-ArchigramTests.a */,
				45AC4CDDBC136E92882B4F16 /* libPods-ArchigramUITests.a */,
			);
			name = Frameworks;
			sourceTree = "<group>";
		};
		B75F778A1E987EF100E131EA = {
			isa = PBXGroup;
			children = (
				B75F77951E987EF100E131EA /* Archigram */,
				B75F77AA1E987EF100E131EA /* ArchigramTests */,
				B75F77B51E987EF100E131EA /* ArchigramUITests */,
				B75F77941E987EF100E131EA /* Products */,
				5BC26B296329DDE474F789B7 /* Pods */,
				5FF36A38C3EF95B8FD36D6DD /* Frameworks */,
			);
			sourceTree = "<group>";
		};
		B75F77941E987EF100E131EA /* Products */ = {
			isa = PBXGroup;
			children = (
				B75F77931E987EF100E131EA /* Archigram.app */,
				B75F77A71E987EF100E131EA /* ArchigramTests.xctest */,
				B75F77B21E987EF100E131EA /* ArchigramUITests.xctest */,
			);
			name = Products;
			sourceTree = "<group>";
		};
		B75F77951E987EF100E131EA /* Archigram */ = {
			isa = PBXGroup;
			children = (
				B7F74A861E9C50D1008AB9B3 /* StyleViewController.swift */,
				B75F77961E987EF100E131EA /* AppDelegate.swift */,
				B75F77981E987EF100E131EA /* CameraViewController.swift */,
				B75F77C51E988BD700E131EA /* CameraView.swift */,
				B75F77CA1E98995800E131EA /* Anders.ttf */,
				B75F779A1E987EF100E131EA /* Main.storyboard */,
				B75F779D1E987EF100E131EA /* Assets.xcassets */,
				B75F779F1E987EF100E131EA /* LaunchScreen.storyboard */,
				B75F77A21E987EF100E131EA /* Info.plist */,
				B7F74A881E9C510F008AB9B3 /* WikiViewController.swift */,
				B7F74A8A1E9C5122008AB9B3 /* SavedViewController.swift */,
				B7F74A8C1E9C5133008AB9B3 /* HelpViewController.swift */,
			);
			path = Archigram;
			sourceTree = "<group>";
		};
		B75F77AA1E987EF100E131EA /* ArchigramTests */ = {
			isa = PBXGroup;
			children = (
				B75F77AB1E987EF100E131EA /* ArchigramTests.swift */,
				B75F77AD1E987EF100E131EA /* Info.plist */,
			);
			path = ArchigramTests;
			sourceTree = "<group>";
		};
		B75F77B51E987EF100E131EA /* ArchigramUITests */ = {
			isa = PBXGroup;
			children = (
				B75F77B61E987EF100E131EA /* ArchigramUITests.swift */,
				B75F77B81E987EF100E131EA /* Info.plist */,
			);
			path = ArchigramUITests;
			sourceTree = "<group>";
		};
/* End PBXGroup section */

/* Begin PBXNativeTarget section */
		B75F77921E987EF100E131EA /* Archigram */ = {
			isa = PBXNativeTarget;
			buildConfigurationList = B75F77BB1E987EF100E131EA /* Build configuration list for PBXNativeTarget "Archigram" */;
			buildPhases = (
				877C1BFF1B231E6BF2F3676A /* [CP] Check Pods Manifest.lock */,
				B75F778F1E987EF100E131EA /* Sources */,
				B75F77901E987EF100E131EA /* Frameworks */,
				B75F77911E987EF100E131EA /* Resources */,
				BC7AA2CC7918FE31E9AA88B0 /* [CP] Embed Pods Frameworks */,
				D8D9587E957DCCF5B62EEF1E /* [CP] Copy Pods Resources */,
			);
			buildRules = (
			);
			dependencies = (
			);
			name = Archigram;
			productName = Archigram;
			productReference = B75F77931E987EF100E131EA /* Archigram.app */;
			productType = "com.apple.product-type.application";
		};
		B75F77A61E987EF100E131EA /* ArchigramTests */ = {
			isa = PBXNativeTarget;
			buildConfigurationList = B75F77BE1E987EF100E131EA /* Build configuration list for PBXNativeTarget "ArchigramTests" */;
			buildPhases = (
				0A04054BC669BD27DDD3E436 /* [CP] Check Pods Manifest.lock */,
				B75F77A31E987EF100E131EA /* Sources */,
				B75F77A41E987EF100E131EA /* Frameworks */,
				B75F77A51E987EF100E131EA /* Resources */,
				49B32A63ACE97C38079EA502 /* [CP] Embed Pods Frameworks */,
				1B3090BA5A802B32DE88FB73 /* [CP] Copy Pods Resources */,
			);
			buildRules = (
			);
			dependencies = (
				B75F77A91E987EF100E131EA /* PBXTargetDependency */,
			);
			name = ArchigramTests;
			productName = ArchigramTests;
			productReference = B75F77A71E987EF100E131EA /* ArchigramTests.xctest */;
			productType = "com.apple.product-type.bundle.unit-test";
		};
		B75F77B11E987EF100E131EA /* ArchigramUITests */ = {
			isa = PBXNativeTarget;
			buildConfigurationList = B75F77C11E987EF100E131EA /* Build configuration list for PBXNativeTarget "ArchigramUITests" */;
			buildPhases = (
				79F106F49506FEE874EFDFCA /* [CP] Check Pods Manifest.lock */,
				B75F77AE1E987EF100E131EA /* Sources */,
				B75F77AF1E987EF100E131EA /* Frameworks */,
				B75F77B01E987EF100E131EA /* Resources */,
				11A6C54588CB157DF418930F /* [CP] Embed Pods Frameworks */,
				BECAED98A0C9318022FA31ED /* [CP] Copy Pods Resources */,
			);
			buildRules = (
			);
			dependencies = (
				B75F77B41E987EF100E131EA /* PBXTargetDependency */,
			);
			name = ArchigramUITests;
			productName = ArchigramUITests;
			productReference = B75F77B21E987EF100E131EA /* ArchigramUITests.xctest */;
			productType = "com.apple.product-type.bundle.ui-testing";
		};
/* End PBXNativeTarget section */

/* Begin PBXProject section */
		B75F778B1E987EF100E131EA /* Project object */ = {
			isa = PBXProject;
			attributes = {
				LastSwiftUpdateCheck = 0830;
				LastUpgradeCheck = 0830;
				ORGANIZATIONNAME = "Jack Crawford";
				TargetAttributes = {
					B75F77921E987EF100E131EA = {
						CreatedOnToolsVersion = 8.3;
						DevelopmentTeam = 3RC6X3VS33;
						ProvisioningStyle = Automatic;
					};
					B75F77A61E987EF100E131EA = {
						CreatedOnToolsVersion = 8.3;
						DevelopmentTeam = 3RC6X3VS33;
						ProvisioningStyle = Automatic;
						TestTargetID = B75F77921E987EF100E131EA;
					};
					B75F77B11E987EF100E131EA = {
						CreatedOnToolsVersion = 8.3;
						DevelopmentTeam = 3RC6X3VS33;
						ProvisioningStyle = Automatic;
						TestTargetID = B75F77921E987EF100E131EA;
					};
				};
			};
			buildConfigurationList = B75F778E1E987EF100E131EA /* Build configuration list for PBXProject "Archigram" */;
			compatibilityVersion = "Xcode 3.2";
			developmentRegion = English;
			hasScannedForEncodings = 0;
			knownRegions = (
				en,
				Base,
			);
			mainGroup = B75F778A1E987EF100E131EA;
			productRefGroup = B75F77941E987EF100E131EA /* Products */;
			projectDirPath = "";
			projectRoot = "";
			targets = (
				B75F77921E987EF100E131EA /* Archigram */,
				B75F77A61E987EF100E131EA /* ArchigramTests */,
				B75F77B11E987EF100E131EA /* ArchigramUITests */,
			);
		};
/* End PBXProject section */

/* Begin PBXResourcesBuildPhase section */
		B75F77911E987EF100E131EA /* Resources */ = {
			isa = PBXResourcesBuildPhase;
			buildActionMask = 2147483647;
			files = (
				B75F77A11E987EF100E131EA /* LaunchScreen.storyboard in Resources */,
				B75F779E1E987EF100E131EA /* Assets.xcassets in Resources */,
				B75F779C1E987EF100E131EA /* Main.storyboard in Resources */,
				B75F77CB1E98995800E131EA /* Anders.ttf in Resources */,
			);
			runOnlyForDeploymentPostprocessing = 0;
		};
		B75F77A51E987EF100E131EA /* Resources */ = {
			isa = PBXResourcesBuildPhase;
			buildActionMask = 2147483647;
			files = (
			);
			runOnlyForDeploymentPostprocessing = 0;
		};
		B75F77B01E987EF100E131EA /* Resources */ = {
			isa = PBXResourcesBuildPhase;
			buildActionMask = 2147483647;
			files = (
			);
			runOnlyForDeploymentPostprocessing = 0;
		};
/* End PBXResourcesBuildPhase section */

/* Begin PBXShellScriptBuildPhase section */
		0A04054BC669BD27DDD3E436 /* [CP] Check Pods Manifest.lock */ = {
			isa = PBXShellScriptBuildPhase;
			buildActionMask = 2147483647;
			files = (
			);
			inputPaths = (
			);
			name = "[CP] Check Pods Manifest.lock";
			outputPaths = (
			);
			runOnlyForDeploymentPostprocessing = 0;
			shellPath = /bin/sh;
			shellScript = "diff \"${PODS_PODFILE_DIR_PATH}/Podfile.lock\" \"${PODS_ROOT}/Manifest.lock\" > /dev/null\nif [ $? != 0 ] ; then\n    # print error to STDERR\n    echo \"error: The sandbox is not in sync with the Podfile.lock. Run 'pod install' or update your CocoaPods installation.\" >&2\n    exit 1\nfi\n";
			showEnvVarsInLog = 0;
		};
		11A6C54588CB157DF418930F /* [CP] Embed Pods Frameworks */ = {
			isa = PBXShellScriptBuildPhase;
			buildActionMask = 2147483647;
			files = (
			);
			inputPaths = (
			);
			name = "[CP] Embed Pods Frameworks";
			outputPaths = (
			);
			runOnlyForDeploymentPostprocessing = 0;
			shellPath = /bin/sh;
			shellScript = "\"${SRCROOT}/Pods/Target Support Files/Pods-ArchigramUITests/Pods-ArchigramUITests-frameworks.sh\"\n";
			showEnvVarsInLog = 0;
		};
		1B3090BA5A802B32DE88FB73 /* [CP] Copy Pods Resources */ = {
			isa = PBXShellScriptBuildPhase;
			buildActionMask = 2147483647;
			files = (
			);
			inputPaths = (
			);
			name = "[CP] Copy Pods Resources";
			outputPaths = (
			);
			runOnlyForDeploymentPostprocessing = 0;
			shellPath = /bin/sh;
			shellScript = "\"${SRCROOT}/Pods/Target Support Files/Pods-ArchigramTests/Pods-ArchigramTests-resources.sh\"\n";
			showEnvVarsInLog = 0;
		};
		49B32A63ACE97C38079EA502 /* [CP] Embed Pods Frameworks */ = {
			isa = PBXShellScriptBuildPhase;
			buildActionMask = 2147483647;
			files = (
			);
			inputPaths = (
			);
			name = "[CP] Embed Pods Frameworks";
			outputPaths = (
			);
			runOnlyForDeploymentPostprocessing = 0;
			shellPath = /bin/sh;
			shellScript = "\"${SRCROOT}/Pods/Target Support Files/Pods-ArchigramTests/Pods-ArchigramTests-frameworks.sh\"\n";
			showEnvVarsInLog = 0;
		};
		79F106F49506FEE874EFDFCA /* [CP] Check Pods Manifest.lock */ = {
			isa = PBXShellScriptBuildPhase;
			buildActionMask = 2147483647;
			files = (
			);
			inputPaths = (
			);
			name = "[CP] Check Pods Manifest.lock";
			outputPaths = (
			);
			runOnlyForDeploymentPostprocessing = 0;
			shellPath = /bin/sh;
			shellScript = "diff \"${PODS_PODFILE_DIR_PATH}/Podfile.lock\" \"${PODS_ROOT}/Manifest.lock\" > /dev/null\nif [ $? != 0 ] ; then\n    # print error to STDERR\n    echo \"error: The sandbox is not in sync with the Podfile.lock. Run 'pod install' or update your CocoaPods installation.\" >&2\n    exit 1\nfi\n";
			showEnvVarsInLog = 0;
		};
		877C1BFF1B231E6BF2F3676A /* [CP] Check Pods Manifest.lock */ = {
			isa = PBXShellScriptBuildPhase;
			buildActionMask = 2147483647;
			files = (
			);
			inputPaths = (
			);
			name = "[CP] Check Pods Manifest.lock";
			outputPaths = (
			);
			runOnlyForDeploymentPostprocessing = 0;
			shellPath = /bin/sh;
			shellScript = "diff \"${PODS_PODFILE_DIR_PATH}/Podfile.lock\" \"${PODS_ROOT}/Manifest.lock\" > /dev/null\nif [ $? != 0 ] ; then\n    # print error to STDERR\n    echo \"error: The sandbox is not in sync with the Podfile.lock. Run 'pod install' or update your CocoaPods installation.\" >&2\n    exit 1\nfi\n";
			showEnvVarsInLog = 0;
		};
		BC7AA2CC7918FE31E9AA88B0 /* [CP] Embed Pods Frameworks */ = {
			isa = PBXShellScriptBuildPhase;
			buildActionMask = 2147483647;
			files = (
			);
			inputPaths = (
			);
			name = "[CP] Embed Pods Frameworks";
			outputPaths = (
			);
			runOnlyForDeploymentPostprocessing = 0;
			shellPath = /bin/sh;
			shellScript = "\"${SRCROOT}/Pods/Target Support Files/Pods-Archigram/Pods-Archigram-frameworks.sh\"\n";
			showEnvVarsInLog = 0;
		};
		BECAED98A0C9318022FA31ED /* [CP] Copy Pods Resources */ = {
			isa = PBXShellScriptBuildPhase;
			buildActionMask = 2147483647;
			files = (
			);
			inputPaths = (
			);
			name = "[CP] Copy Pods Resources";
			outputPaths = (
			);
			runOnlyForDeploymentPostprocessing = 0;
			shellPath = /bin/sh;
			shellScript = "\"${SRCROOT}/Pods/Target Support Files/Pods-ArchigramUITests/Pods-ArchigramUITests-resources.sh\"\n";
			showEnvVarsInLog = 0;
		};
		D8D9587E957DCCF5B62EEF1E /* [CP] Copy Pods Resources */ = {
			isa = PBXShellScriptBuildPhase;
			buildActionMask = 2147483647;
			files = (
			);
			inputPaths = (
			);
			name = "[CP] Copy Pods Resources";
			outputPaths = (
			);
			runOnlyForDeploymentPostprocessing = 0;
			shellPath = /bin/sh;
			shellScript = "\"${SRCROOT}/Pods/Target Support Files/Pods-Archigram/Pods-Archigram-resources.sh\"\n";
			showEnvVarsInLog = 0;
		};
/* End PBXShellScriptBuildPhase section */

/* Begin PBXSourcesBuildPhase section */
		B75F778F1E987EF100E131EA /* Sources */ = {
			isa = PBXSourcesBuildPhase;
			buildActionMask = 2147483647;
			files = (
				B7F74A8D1E9C5133008AB9B3 /* HelpViewController.swift in Sources */,
				B7F74A8B1E9C5122008AB9B3 /* SavedViewController.swift in Sources */,
				B7F74A871E9C50D1008AB9B3 /* StyleViewController.swift in Sources */,
				B75F77C61E988BD700E131EA /* CameraView.swift in Sources */,
				B75F77991E987EF100E131EA /* CameraViewController.swift in Sources */,
				B7F74A891E9C510F008AB9B3 /* WikiViewController.swift in Sources */,
				B75F77971E987EF100E131EA /* AppDelegate.swift in Sources */,
			);
			runOnlyForDeploymentPostprocessing = 0;
		};
		B75F77A31E987EF100E131EA /* Sources */ = {
			isa = PBXSourcesBuildPhase;
			buildActionMask = 2147483647;
			files = (
				B75F77AC1E987EF100E131EA /* ArchigramTests.swift in Sources */,
			);
			runOnlyForDeploymentPostprocessing = 0;
		};
		B75F77AE1E987EF100E131EA /* Sources */ = {
			isa = PBXSourcesBuildPhase;
			buildActionMask = 2147483647;
			files = (
				B75F77B71E987EF100E131EA /* ArchigramUITests.swift in Sources */,
			);
			runOnlyForDeploymentPostprocessing = 0;
		};
/* End PBXSourcesBuildPhase section */

/* Begin PBXTargetDependency section */
		B75F77A91E987EF100E131EA /* PBXTargetDependency */ = {
			isa = PBXTargetDependency;
			target = B75F77921E987EF100E131EA /* Archigram */;
			targetProxy = B75F77A81E987EF100E131EA /* PBXContainerItemProxy */;
		};
		B75F77B41E987EF100E131EA /* PBXTargetDependency */ = {
			isa = PBXTargetDependency;
			target = B75F77921E987EF100E131EA /* Archigram */;
			targetProxy = B75F77B31E987EF100E131EA /* PBXContainerItemProxy */;
		};
/* End PBXTargetDependency section */

/* Begin PBXVariantGroup section */
		B75F779A1E987EF100E131EA /* Main.storyboard */ = {
			isa = PBXVariantGroup;
			children = (
				B75F779B1E987EF100E131EA /* Base */,
			);
			name = Main.storyboard;
			sourceTree = "<group>";
		};
		B75F779F1E987EF100E131EA /* LaunchScreen.storyboard */ = {
			isa = PBXVariantGroup;
			children = (
				B75F77A01E987EF100E131EA /* Base */,
			);
			name = LaunchScreen.storyboard;
			sourceTree = "<group>";
		};
/* End PBXVariantGroup section */

/* Begin XCBuildConfiguration section */
		B75F77B91E987EF100E131EA /* Debug */ = {
			isa = XCBuildConfiguration;
			buildSettings = {
				ALWAYS_SEARCH_USER_PATHS = NO;
				CLANG_ANALYZER_NONNULL = YES;
				CLANG_ANALYZER_NUMBER_OBJECT_CONVERSION = YES_AGGRESSIVE;
				CLANG_CXX_LANGUAGE_STANDARD = "gnu++0x";
				CLANG_CXX_LIBRARY = "libc++";
				CLANG_ENABLE_MODULES = YES;
				CLANG_ENABLE_OBJC_ARC = YES;
				CLANG_WARN_BOOL_CONVERSION = YES;
				CLANG_WARN_CONSTANT_CONVERSION = YES;
				CLANG_WARN_DIRECT_OBJC_ISA_USAGE = YES_ERROR;
				CLANG_WARN_DOCUMENTATION_COMMENTS = YES;
				CLANG_WARN_EMPTY_BODY = YES;
				CLANG_WARN_ENUM_CONVERSION = YES;
				CLANG_WARN_INFINITE_RECURSION = YES;
				CLANG_WARN_INT_CONVERSION = YES;
				CLANG_WARN_OBJC_ROOT_CLASS = YES_ERROR;
				CLANG_WARN_SUSPICIOUS_MOVE = YES;
				CLANG_WARN_UNREACHABLE_CODE = YES;
				CLANG_WARN__DUPLICATE_METHOD_MATCH = YES;
				"CODE_SIGN_IDENTITY[sdk=iphoneos*]" = "iPhone Developer";
				COPY_PHASE_STRIP = NO;
				DEBUG_INFORMATION_FORMAT = dwarf;
				ENABLE_STRICT_OBJC_MSGSEND = YES;
				ENABLE_TESTABILITY = YES;
				GCC_C_LANGUAGE_STANDARD = gnu99;
				GCC_DYNAMIC_NO_PIC = NO;
				GCC_NO_COMMON_BLOCKS = YES;
				GCC_OPTIMIZATION_LEVEL = 0;
				GCC_PREPROCESSOR_DEFINITIONS = (
					"DEBUG=1",
					"$(inherited)",
				);
				GCC_WARN_64_TO_32_BIT_CONVERSION = YES;
				GCC_WARN_ABOUT_RETURN_TYPE = YES_ERROR;
				GCC_WARN_UNDECLARED_SELECTOR = YES;
				GCC_WARN_UNINITIALIZED_AUTOS = YES_AGGRESSIVE;
				GCC_WARN_UNUSED_FUNCTION = YES;
				GCC_WARN_UNUSED_VARIABLE = YES;
				IPHONEOS_DEPLOYMENT_TARGET = 10.3;
				MTL_ENABLE_DEBUG_INFO = YES;
				ONLY_ACTIVE_ARCH = YES;
				SDKROOT = iphoneos;
				SWIFT_ACTIVE_COMPILATION_CONDITIONS = DEBUG;
				SWIFT_OPTIMIZATION_LEVEL = "-Onone";
				TARGETED_DEVICE_FAMILY = "1,2";
			};
			name = Debug;
		};
		B75F77BA1E987EF100E131EA /* Release */ = {
			isa = XCBuildConfiguration;
			buildSettings = {
				ALWAYS_SEARCH_USER_PATHS = NO;
				CLANG_ANALYZER_NONNULL = YES;
				CLANG_ANALYZER_NUMBER_OBJECT_CONVERSION = YES_AGGRESSIVE;
				CLANG_CXX_LANGUAGE_STANDARD = "gnu++0x";
				CLANG_CXX_LIBRARY = "libc++";
				CLANG_ENABLE_MODULES = YES;
				CLANG_ENABLE_OBJC_ARC = YES;
				CLANG_WARN_BOOL_CONVERSION = YES;
				CLANG_WARN_CONSTANT_CONVERSION = YES;
				CLANG_WARN_DIRECT_OBJC_ISA_USAGE = YES_ERROR;
				CLANG_WARN_DOCUMENTATION_COMMENTS = YES;
				CLANG_WARN_EMPTY_BODY = YES;
				CLANG_WARN_ENUM_CONVERSION = YES;
				CLANG_WARN_INFINITE_RECURSION = YES;
				CLANG_WARN_INT_CONVERSION = YES;
				CLANG_WARN_OBJC_ROOT_CLASS = YES_ERROR;
				CLANG_WARN_SUSPICIOUS_MOVE = YES;
				CLANG_WARN_UNREACHABLE_CODE = YES;
				CLANG_WARN__DUPLICATE_METHOD_MATCH = YES;
				"CODE_SIGN_IDENTITY[sdk=iphoneos*]" = "iPhone Developer";
				COPY_PHASE_STRIP = NO;
				DEBUG_INFORMATION_FORMAT = "dwarf-with-dsym";
				ENABLE_NS_ASSERTIONS = NO;
				ENABLE_STRICT_OBJC_MSGSEND = YES;
				GCC_C_LANGUAGE_STANDARD = gnu99;
				GCC_NO_COMMON_BLOCKS = YES;
				GCC_WARN_64_TO_32_BIT_CONVERSION = YES;
				GCC_WARN_ABOUT_RETURN_TYPE = YES_ERROR;
				GCC_WARN_UNDECLARED_SELECTOR = YES;
				GCC_WARN_UNINITIALIZED_AUTOS = YES_AGGRESSIVE;
				GCC_WARN_UNUSED_FUNCTION = YES;
				GCC_WARN_UNUSED_VARIABLE = YES;
				IPHONEOS_DEPLOYMENT_TARGET = 10.3;
				MTL_ENABLE_DEBUG_INFO = NO;
				SDKROOT = iphoneos;
				SWIFT_OPTIMIZATION_LEVEL = "-Owholemodule";
				TARGETED_DEVICE_FAMILY = "1,2";
				VALIDATE_PRODUCT = YES;
			};
			name = Release;
		};
		B75F77BC1E987EF100E131EA /* Debug */ = {
			isa = XCBuildConfiguration;
			baseConfigurationReference = 1C72E953AF83991672CFF195 /* Pods-Archigram.debug.xcconfig */;
			buildSettings = {
				ASSETCATALOG_COMPILER_APPICON_NAME = AppIcon;
				"CODE_SIGN_IDENTITY[sdk=iphoneos*]" = "iPhone Developer";
				DEVELOPMENT_TEAM = 3RC6X3VS33;
				INFOPLIST_FILE = Archigram/Info.plist;
				IPHONEOS_DEPLOYMENT_TARGET = 10.0;
				LD_RUNPATH_SEARCH_PATHS = "$(inherited) @executable_path/Frameworks";
				PRODUCT_BUNDLE_IDENTIFIER = j.Archigram;
				PRODUCT_NAME = "$(TARGET_NAME)";
				SWIFT_OBJC_INTERFACE_HEADER_NAME = "Archigram-Swift.h";
				SWIFT_VERSION = 3.0;
			};
			name = Debug;
		};
		B75F77BD1E987EF100E131EA /* Release */ = {
			isa = XCBuildConfiguration;
			baseConfigurationReference = 2B23650CAAE5BDE80BBC438D /* Pods-Archigram.release.xcconfig */;
			buildSettings = {
				ASSETCATALOG_COMPILER_APPICON_NAME = AppIcon;
				"CODE_SIGN_IDENTITY[sdk=iphoneos*]" = "iPhone Developer";
				DEVELOPMENT_TEAM = 3RC6X3VS33;
				INFOPLIST_FILE = Archigram/Info.plist;
				IPHONEOS_DEPLOYMENT_TARGET = 10.0;
				LD_RUNPATH_SEARCH_PATHS = "$(inherited) @executable_path/Frameworks";
				PRODUCT_BUNDLE_IDENTIFIER = j.Archigram;
				PRODUCT_NAME = "$(TARGET_NAME)";
				SWIFT_OBJC_INTERFACE_HEADER_NAME = "Archigram-Swift.h";
				SWIFT_VERSION = 3.0;
			};
			name = Release;
		};
		B75F77BF1E987EF100E131EA /* Debug */ = {
			isa = XCBuildConfiguration;
			baseConfigurationReference = 344C12486C63619081BDA673 /* Pods-ArchigramTests.debug.xcconfig */;
			buildSettings = {
				ALWAYS_EMBED_SWIFT_STANDARD_LIBRARIES = YES;
				BUNDLE_LOADER = "$(TEST_HOST)";
				DEVELOPMENT_TEAM = 3RC6X3VS33;
				INFOPLIST_FILE = ArchigramTests/Info.plist;
				LD_RUNPATH_SEARCH_PATHS = "$(inherited) @executable_path/Frameworks @loader_path/Frameworks";
				PRODUCT_BUNDLE_IDENTIFIER = j.ArchigramTests;
				PRODUCT_NAME = "$(TARGET_NAME)";
				SWIFT_VERSION = 3.0;
				TEST_HOST = "$(BUILT_PRODUCTS_DIR)/Archigram.app/Archigram";
			};
			name = Debug;
		};
		B75F77C01E987EF100E131EA /* Release */ = {
			isa = XCBuildConfiguration;
			baseConfigurationReference = 7F89D6EAFF040C8048E69EB7 /* Pods-ArchigramTests.release.xcconfig */;
			buildSettings = {
				ALWAYS_EMBED_SWIFT_STANDARD_LIBRARIES = YES;
				BUNDLE_LOADER = "$(TEST_HOST)";
				DEVELOPMENT_TEAM = 3RC6X3VS33;
				INFOPLIST_FILE = ArchigramTests/Info.plist;
				LD_RUNPATH_SEARCH_PATHS = "$(inherited) @executable_path/Frameworks @loader_path/Frameworks";
				PRODUCT_BUNDLE_IDENTIFIER = j.ArchigramTests;
				PRODUCT_NAME = "$(TARGET_NAME)";
				SWIFT_VERSION = 3.0;
				TEST_HOST = "$(BUILT_PRODUCTS_DIR)/Archigram.app/Archigram";
			};
			name = Release;
		};
		B75F77C21E987EF100E131EA /* Debug */ = {
			isa = XCBuildConfiguration;
			baseConfigurationReference = 654098C1C25E289B7D461810 /* Pods-ArchigramUITests.debug.xcconfig */;
			buildSettings = {
				ALWAYS_EMBED_SWIFT_STANDARD_LIBRARIES = YES;
				DEVELOPMENT_TEAM = 3RC6X3VS33;
				INFOPLIST_FILE = ArchigramUITests/Info.plist;
				LD_RUNPATH_SEARCH_PATHS = "$(inherited) @executable_path/Frameworks @loader_path/Frameworks";
				PRODUCT_BUNDLE_IDENTIFIER = j.ArchigramUITests;
				PRODUCT_NAME = "$(TARGET_NAME)";
				SWIFT_VERSION = 3.0;
				TEST_TARGET_NAME = Archigram;
			};
			name = Debug;
		};
		B75F77C31E987EF100E131EA /* Release */ = {
			isa = XCBuildConfiguration;
			baseConfigurationReference = 8F3A4121309F4FB26CD959C2 /* Pods-ArchigramUITests.release.xcconfig */;
			buildSettings = {
				ALWAYS_EMBED_SWIFT_STANDARD_LIBRARIES = YES;
				DEVELOPMENT_TEAM = 3RC6X3VS33;
				INFOPLIST_FILE = ArchigramUITests/Info.plist;
				LD_RUNPATH_SEARCH_PATHS = "$(inherited) @executable_path/Frameworks @loader_path/Frameworks";
				PRODUCT_BUNDLE_IDENTIFIER = j.ArchigramUITests;
				PRODUCT_NAME = "$(TARGET_NAME)";
				SWIFT_VERSION = 3.0;
				TEST_TARGET_NAME = Archigram;
			};
			name = Release;
		};
/* End XCBuildConfiguration section */

/* Begin XCConfigurationList section */
		B75F778E1E987EF100E131EA /* Build configuration list for PBXProject "Archigram" */ = {
			isa = XCConfigurationList;
			buildConfigurations = (
				B75F77B91E987EF100E131EA /* Debug */,
				B75F77BA1E987EF100E131EA /* Release */,
			);
			defaultConfigurationIsVisible = 0;
			defaultConfigurationName = Release;
		};
		B75F77BB1E987EF100E131EA /* Build configuration list for PBXNativeTarget "Archigram" */ = {
			isa = XCConfigurationList;
			buildConfigurations = (
				B75F77BC1E987EF100E131EA /* Debug */,
				B75F77BD1E987EF100E131EA /* Release */,
			);
			defaultConfigurationIsVisible = 0;
			defaultConfigurationName = Release;
		};
		B75F77BE1E987EF100E131EA /* Build configuration list for PBXNativeTarget "ArchigramTests" */ = {
			isa = XCConfigurationList;
			buildConfigurations = (
				B75F77BF1E987EF100E131EA /* Debug */,
				B75F77C01E987EF100E131EA /* Release */,
			);
			defaultConfigurationIsVisible = 0;
			defaultConfigurationName = Release;
		};
		B75F77C11E987EF100E131EA /* Build configuration list for PBXNativeTarget "ArchigramUITests" */ = {
			isa = XCConfigurationList;
			buildConfigurations = (
				B75F77C21E987EF100E131EA /* Debug */,
				B75F77C31E987EF100E131EA /* Release */,
			);
			defaultConfigurationIsVisible = 0;
			defaultConfigurationName = Release;
		};
/* End XCConfigurationList section */
	};
	rootObject = B75F778B1E987EF100E131EA /* Project object */;
}
